{
  "name": "ex023",
  "lockfileVersion": 2,
  "requires": true,
  "packages": {
    "": {
      "dependencies": {
        "vte": "^1.0.0"
      }
    },
    "node_modules/vte": {
      "version": "1.0.0",
      "resolved": "https://registry.npmjs.org/vte/-/vte-1.0.0.tgz",
      "integrity": "sha512-skZsSdrfIFsdwnJcA3h/cXjkX48zNBRil2meKHuRIqzMO5JgXJzyHlXfVvKOySkNFdIHdYvgj2nrJusIWfY4kA=="
    }
  },
  "dependencies": {
    "vte": {
      "version": "1.0.0",
      "resolved": "https://registry.npmjs.org/vte/-/vte-1.0.0.tgz",
      "integrity": "sha512-skZsSdrfIFsdwnJcA3h/cXjkX48zNBRil2meKHuRIqzMO5JgXJzyHlXfVvKOySkNFdIHdYvgj2nrJusIWfY4kA=="
    }
  }
}
